
Microsoft Visual Studio Solution File, Format Version 12.00
# Visual Studio 15
VisualStudioVersion = 15.0.27130.2010
MinimumVisualStudioVersion = 10.0.40219.1
Project("{FAE04EC0-301F-11D3-BF4B-00C04F79EFBC}") = "LDAPClientConnect", "LDAPClientConnect\LDAPClientConnect.csproj", "{58238F1B-7F72-4081-B49E-0202015584AD}"
EndProject
Global
	GlobalSection(SolutionConfigurationPlatforms) = preSolution
		Debug|Any CPU = Debug|Any CPU
		Release|Any CPU = Release|Any CPU
	EndGlobalSection
	GlobalSection(ProjectConfigurationPlatforms) = postSolution
		{58238F1B-7F72-4081-B49E-0202015584AD}.Debug|Any CPU.ActiveCfg = Debug|Any CPU
		{58238F1B-7F72-4081-B49E-0202015584AD}.Debug|Any CPU.Build.0 = Debug|Any CPU
		{58238F1B-7F72-4081-B49E-0202015584AD}.Release|Any CPU.ActiveCfg = Release|Any CPU
		{58238F1B-7F72-4081-B49E-0202015584AD}.Release|Any CPU.Build.0 = Release|Any CPU
	EndGlobalSection
	GlobalSection(SolutionProperties) = preSolution
		HideSolutionNode = FALSE
	EndGlobalSection
	GlobalSection(ExtensibilityGlobals) = postSolution
		SolutionGuid = {A8826AF9-CD92-4E04-B65F-90F881307BB7}
	EndGlobalSection
EndGlobal
